// !$*UTF8*$!
{
	archiveVersion = 1;
	classes = {
	};
	objectVersion = 77;
	objects = {

/* Begin PBXBuildFile section */
		C9C8690A2F6EEE0400D0BBAE /* WidgetKit.framework in Frameworks */ = {isa = PBXBuildFile; fileRef = C9C869092F6EEE0400D0BBAE /* WidgetKit.framework */; };
		C9C8690C2F6EEE0400D0BBAE /* SwiftUI.framework in Frameworks */ = {isa = PBXBuildFile; fileRef = C9C8690B2F6EEE0400D0BBAE /* SwiftUI.framework */; };
		C9C8691D2F6EEE0500D0BBAE /* RingWidgetsExtension.appex in Embed App Extensions */ = {isa = PBXBuildFile; fileRef = C9C869072F6EEE0400D0BBAE /* RingWidgetsExtension.appex */; settings = {ATTRIBUTES = (RemoveHeadersOnCopy, ); }; };
		C9RINGX1000000000F31001 /* PacketTunnelProvider.swift in Sources */ = {isa = PBXBuildFile; fileRef = C9RINGX0100000000F31001 /* PacketTunnelProvider.swift */; };
		C9RINGX1100000000F31001 /* RustBridge.swift in Sources */ = {isa = PBXBuildFile; fileRef = C9RINGX0200000000F31001 /* RustBridge.swift */; };
		C9RINGX1200000000F31001 /* AppGroupConfig.swift in Sources */ = {isa = PBXBuildFile; fileRef = C9RINGX0700000000F31001 /* AppGroupConfig.swift */; };
		C9RINGX1300000000F31001 /* AppGroupConfig.swift in Sources */ = {isa = PBXBuildFile; fileRef = C9RINGX0700000000F31001 /* AppGroupConfig.swift */; };
		C9RINGX1400000000F31001 /* PacketTunnelExtension.appex in Embed App Extensions */ = {isa = PBXBuildFile; fileRef = C9RINGX0800000000F31001 /* PacketTunnelExtension.appex */; settings = {ATTRIBUTES = (RemoveHeadersOnCopy, ); }; };
/* End PBXBuildFile section */

/* Begin PBXContainerItemProxy section */
		C9AE9B242F6C5AEA007F3100 /* PBXContainerItemProxy */ = {
			isa = PBXContainerItemProxy;
			containerPortal = C9AE9B0E2F6C5AE9007F3100 /* Project object */;
			proxyType = 1;
			remoteGlobalIDString = C9AE9B152F6C5AE9007F3100;
			remoteInfo = ring;
		};
		C9AE9B2E2F6C5AEA007F3100 /* PBXContainerItemProxy */ = {
			isa = PBXContainerItemProxy;
			containerPortal = C9AE9B0E2F6C5AE9007F3100 /* Project object */;
			proxyType = 1;
			remoteGlobalIDString = C9AE9B152F6C5AE9007F3100;
			remoteInfo = ring;
		};
		C9C8691B2F6EEE0500D0BBAE /* PBXContainerItemProxy */ = {
			isa = PBXContainerItemProxy;
			containerPortal = C9AE9B0E2F6C5AE9007F3100 /* Project object */;
			proxyType = 1;
			remoteGlobalIDString = C9C869062F6EEE0400D0BBAE;
			remoteInfo = RingWidgetsExtension;
		};
		C9RINGX6000000000F31001 /* PBXContainerItemProxy */ = {
			isa = PBXContainerItemProxy;
			containerPortal = C9AE9B0E2F6C5AE9007F3100 /* Project object */;
			proxyType = 1;
			remoteGlobalIDString = C9RINGX4000000000F31001;
			remoteInfo = PacketTunnelExtension;
		};
/* End PBXContainerItemProxy section */

/* Begin PBXCopyFilesBuildPhase section */
		C9RINGX3300000000F31001 /* Embed App Extensions */ = {
			isa = PBXCopyFilesBuildPhase;
			buildActionMask = 2147483647;
			dstPath = "";
			dstSubfolderSpec = 13;
			files = (
				C9C8691D2F6EEE0500D0BBAE /* RingWidgetsExtension.appex in Embed App Extensions */,
				C9RINGX1400000000F31001 /* PacketTunnelExtension.appex in Embed App Extensions */,
			);
			name = "Embed App Extensions";
			runOnlyForDeploymentPostprocessing = 0;
		};
/* End PBXCopyFilesBuildPhase section */

/* Begin PBXFileReference section */
		C9AE9B162F6C5AE9007F3100 /* ring.app */ = {isa = PBXFileReference; explicitFileType = wrapper.application; includeInIndex = 0; path = ring.app; sourceTree = BUILT_PRODUCTS_DIR; };
		C9AE9B232F6C5AEA007F3100 /* ringTests.xctest */ = {isa = PBXFileReference; explicitFileType = wrapper.cfbundle; includeInIndex = 0; path = ringTests.xctest; sourceTree = BUILT_PRODUCTS_DIR; };
		C9AE9B2D2F6C5AEA007F3100 /* ringUITests.xctest */ = {isa = PBXFileReference; explicitFileType = wrapper.cfbundle; includeInIndex = 0; path = ringUITests.xctest; sourceTree = BUILT_PRODUCTS_DIR; };
		C9C869072F6EEE0400D0BBAE /* RingWidgetsExtension.appex */ = {isa = PBXFileReference; explicitFileType = "wrapper.app-extension"; includeInIndex = 0; path = RingWidgetsExtension.appex; sourceTree = BUILT_PRODUCTS_DIR; };
		C9C869092F6EEE0400D0BBAE /* WidgetKit.framework */ = {isa = PBXFileReference; lastKnownFileType = wrapper.framework; name = WidgetKit.framework; path = System/Library/Frameworks/WidgetKit.framework; sourceTree = SDKROOT; };
		C9C8690B2F6EEE0400D0BBAE /* SwiftUI.framework */ = {isa = PBXFileReference; lastKnownFileType = wrapper.framework; name = SwiftUI.framework; path = System/Library/Frameworks/SwiftUI.framework; sourceTree = SDKROOT; };
		C9RINGX0100000000F31001 /* PacketTunnelProvider.swift */ = {isa = PBXFileReference; lastKnownFileType = sourcecode.swift; path = PacketTunnelProvider.swift; sourceTree = "<group>"; };
		C9RINGX0200000000F31001 /* RustBridge.swift */ = {isa = PBXFileReference; lastKnownFileType = sourcecode.swift; path = RustBridge.swift; sourceTree = "<group>"; };
		C9RINGX0300000000F31001 /* PacketTunnelExtension-Bridging-Header.h */ = {isa = PBXFileReference; lastKnownFileType = sourcecode.c.h; path = "PacketTunnelExtension-Bridging-Header.h"; sourceTree = "<group>"; };
		C9RINGX0400000000F31001 /* packet_engine.h */ = {isa = PBXFileReference; lastKnownFileType = sourcecode.c.h; path = packet_engine.h; sourceTree = "<group>"; };
		C9RINGX0500000000F31001 /* Info.plist */ = {isa = PBXFileReference; lastKnownFileType = text.plist.xml; path = Info.plist; sourceTree = "<group>"; };
		C9RINGX0600000000F31001 /* PacketTunnelExtension.entitlements */ = {isa = PBXFileReference; lastKnownFileType = text.plist.entitlements; path = PacketTunnelExtension.entitlements; sourceTree = "<group>"; };
		C9RINGX0700000000F31001 /* AppGroupConfig.swift */ = {isa = PBXFileReference; lastKnownFileType = sourcecode.swift; path = AppGroupConfig.swift; sourceTree = "<group>"; };
		C9RINGX0800000000F31001 /* PacketTunnelExtension.appex */ = {isa = PBXFileReference; explicitFileType = "wrapper.app-extension"; includeInIndex = 0; path = PacketTunnelExtension.appex; sourceTree = BUILT_PRODUCTS_DIR; };
/* End PBXFileReference section */

/* Begin PBXFileSystemSynchronizedBuildFileExceptionSet section */
		C9C869202F6EEE0500D0BBAE /* Exceptions for "RingWidgets" folder in "RingWidgetsExtension" target */ = {
			isa = PBXFileSystemSynchronizedBuildFileExceptionSet;
			membershipExceptions = (
				Info.plist,
			);
			target = C9C869062F6EEE0400D0BBAE /* RingWidgetsExtension */;
		};
		C9C869252F6EEF1300D0BBAE /* Exceptions for "ring" folder in "RingWidgetsExtension" target */ = {
			isa = PBXFileSystemSynchronizedBuildFileExceptionSet;
			membershipExceptions = (
				LiveActivity/RingActivityAttributes.swift,
			);
			target = C9C869062F6EEE0400D0BBAE /* RingWidgetsExtension */;
		};
/* End PBXFileSystemSynchronizedBuildFileExceptionSet section */

/* Begin PBXFileSystemSynchronizedRootGroup section */
		C9AE9B182F6C5AE9007F3100 /* ring */ = {
			isa = PBXFileSystemSynchronizedRootGroup;
			exceptions = (
				C9C869252F6EEF1300D0BBAE /* Exceptions for "ring" folder in "RingWidgetsExtension" target */,
			);
			path = ring;
			sourceTree = "<group>";
		};
		C9AE9B262F6C5AEA007F3100 /* ringTests */ = {
			isa = PBXFileSystemSynchronizedRootGroup;
			path = ringTests;
			sourceTree = "<group>";
		};
		C9AE9B302F6C5AEA007F3100 /* ringUITests */ = {
			isa = PBXFileSystemSynchronizedRootGroup;
			path = ringUITests;
			sourceTree = "<group>";
		};
		C9C8690D2F6EEE0400D0BBAE /* RingWidgets */ = {
			isa = PBXFileSystemSynchronizedRootGroup;
			exceptions = (
				C9C869202F6EEE0500D0BBAE /* Exceptions for "RingWidgets" folder in "RingWidgetsExtension" target */,
			);
			path = RingWidgets;
			sourceTree = "<group>";
		};
/* End PBXFileSystemSynchronizedRootGroup section */

/* Begin PBXFrameworksBuildPhase section */
		C9AE9B132F6C5AE9007F3100 /* Frameworks */ = {
			isa = PBXFrameworksBuildPhase;
			buildActionMask = 2147483647;
			files = (
			);
			runOnlyForDeploymentPostprocessing = 0;
		};
		C9AE9B202F6C5AEA007F3100 /* Frameworks */ = {
			isa = PBXFrameworksBuildPhase;
			buildActionMask = 2147483647;
			files = (
			);
			runOnlyForDeploymentPostprocessing = 0;
		};
		C9AE9B2A2F6C5AEA007F3100 /* Frameworks */ = {
			isa = PBXFrameworksBuildPhase;
			buildActionMask = 2147483647;
			files = (
			);
			runOnlyForDeploymentPostprocessing = 0;
		};
		C9C869042F6EEE0400D0BBAE /* Frameworks */ = {
			isa = PBXFrameworksBuildPhase;
			buildActionMask = 2147483647;
			files = (
				C9C8690C2F6EEE0400D0BBAE /* SwiftUI.framework in Frameworks */,
				C9C8690A2F6EEE0400D0BBAE /* WidgetKit.framework in Frameworks */,
			);
			runOnlyForDeploymentPostprocessing = 0;
		};
		C9RINGX3100000000F31001 /* Frameworks */ = {
			isa = PBXFrameworksBuildPhase;
			buildActionMask = 2147483647;
			files = (
			);
			runOnlyForDeploymentPostprocessing = 0;
		};
/* End PBXFrameworksBuildPhase section */

/* Begin PBXGroup section */
		C9AE9B0D2F6C5AE9007F3100 = {
			isa = PBXGroup;
			children = (
				C9AE9B182F6C5AE9007F3100 /* ring */,
				C9RINGX2000000000F31001 /* PacketTunnelExtension */,
				C9RINGX2200000000F31001 /* Shared */,
				C9AE9B262F6C5AEA007F3100 /* ringTests */,
				C9AE9B302F6C5AEA007F3100 /* ringUITests */,
				C9C8690D2F6EEE0400D0BBAE /* RingWidgets */,
				C9C869082F6EEE0400D0BBAE /* Frameworks */,
				C9AE9B172F6C5AE9007F3100 /* Products */,
			);
			sourceTree = "<group>";
		};
		C9AE9B172F6C5AE9007F3100 /* Products */ = {
			isa = PBXGroup;
			children = (
				C9AE9B162F6C5AE9007F3100 /* ring.app */,
				C9AE9B232F6C5AEA007F3100 /* ringTests.xctest */,
				C9AE9B2D2F6C5AEA007F3100 /* ringUITests.xctest */,
				C9RINGX0800000000F31001 /* PacketTunnelExtension.appex */,
				C9C869072F6EEE0400D0BBAE /* RingWidgetsExtension.appex */,
			);
			name = Products;
			sourceTree = "<group>";
		};
		C9C869082F6EEE0400D0BBAE /* Frameworks */ = {
			isa = PBXGroup;
			children = (
				C9C869092F6EEE0400D0BBAE /* WidgetKit.framework */,
				C9C8690B2F6EEE0400D0BBAE /* SwiftUI.framework */,
			);
			name = Frameworks;
			sourceTree = "<group>";
		};
		C9RINGX2000000000F31001 /* PacketTunnelExtension */ = {
			isa = PBXGroup;
			children = (
				C9RINGX0100000000F31001 /* PacketTunnelProvider.swift */,
				C9RINGX0200000000F31001 /* RustBridge.swift */,
				C9RINGX0300000000F31001 /* PacketTunnelExtension-Bridging-Header.h */,
				C9RINGX2100000000F31001 /* Bridge */,
				C9RINGX0500000000F31001 /* Info.plist */,
				C9RINGX0600000000F31001 /* PacketTunnelExtension.entitlements */,
			);
			path = PacketTunnelExtension;
			sourceTree = "<group>";
		};
		C9RINGX2100000000F31001 /* Bridge */ = {
			isa = PBXGroup;
			children = (
				C9RINGX0400000000F31001 /* packet_engine.h */,
			);
			path = Bridge;
			sourceTree = "<group>";
		};
		C9RINGX2200000000F31001 /* Shared */ = {
			isa = PBXGroup;
			children = (
				C9RINGX0700000000F31001 /* AppGroupConfig.swift */,
			);
			path = Shared;
			sourceTree = "<group>";
		};
/* End PBXGroup section */

/* Begin PBXNativeTarget section */
		C9AE9B152F6C5AE9007F3100 /* ring */ = {
			isa = PBXNativeTarget;
			buildConfigurationList = C9AE9B372F6C5AEA007F3100 /* Build configuration list for PBXNativeTarget "ring" */;
			buildPhases = (
				C9AE9B122F6C5AE9007F3100 /* Sources */,
				C9AE9B132F6C5AE9007F3100 /* Frameworks */,
				C9AE9B142F6C5AE9007F3100 /* Resources */,
				C9RINGX3300000000F31001 /* Embed App Extensions */,
			);
			buildRules = (
			);
			dependencies = (
				C9RINGX6100000000F31001 /* PBXTargetDependency */,
				C9C8691C2F6EEE0500D0BBAE /* PBXTargetDependency */,
			);
			fileSystemSynchronizedGroups = (
				C9AE9B182F6C5AE9007F3100 /* ring */,
			);
			name = ring;
			packageProductDependencies = (
			);
			productName = ring;
			productReference = C9AE9B162F6C5AE9007F3100 /* ring.app */;
			productType = "com.apple.product-type.application";
		};
		C9AE9B222F6C5AEA007F3100 /* ringTests */ = {
			isa = PBXNativeTarget;
			buildConfigurationList = C9AE9B3A2F6C5AEA007F3100 /* Build configuration list for PBXNativeTarget "ringTests" */;
			buildPhases = (
				C9AE9B1F2F6C5AEA007F3100 /* Sources */,
				C9AE9B202F6C5AEA007F3100 /* Frameworks */,
				C9AE9B212F6C5AEA007F3100 /* Resources */,
			);
			buildRules = (
			);
			dependencies = (
				C9AE9B252F6C5AEA007F3100 /* PBXTargetDependency */,
			);
			fileSystemSynchronizedGroups = (
				C9AE9B262F6C5AEA007F3100 /* ringTests */,
			);
			name = ringTests;
			packageProductDependencies = (
			);
			productName = ringTests;
			productReference = C9AE9B232F6C5AEA007F3100 /* ringTests.xctest */;
			productType = "com.apple.product-type.bundle.unit-test";
		};
		C9AE9B2C2F6C5AEA007F3100 /* ringUITests */ = {
			isa = PBXNativeTarget;
			buildConfigurationList = C9AE9B3D2F6C5AEA007F3100 /* Build configuration list for PBXNativeTarget "ringUITests" */;
			buildPhases = (
				C9AE9B292F6C5AEA007F3100 /* Sources */,
				C9AE9B2A2F6C5AEA007F3100 /* Frameworks */,
				C9AE9B2B2F6C5AEA007F3100 /* Resources */,
			);
			buildRules = (
			);
			dependencies = (
				C9AE9B2F2F6C5AEA007F3100 /* PBXTargetDependency */,
			);
			fileSystemSynchronizedGroups = (
				C9AE9B302F6C5AEA007F3100 /* ringUITests */,
			);
			name = ringUITests;
			packageProductDependencies = (
			);
			productName = ringUITests;
			productReference = C9AE9B2D2F6C5AEA007F3100 /* ringUITests.xctest */;
			productType = "com.apple.product-type.bundle.ui-testing";
		};
		C9C869062F6EEE0400D0BBAE /* RingWidgetsExtension */ = {
			isa = PBXNativeTarget;
			buildConfigurationList = C9C869212F6EEE0500D0BBAE /* Build configuration list for PBXNativeTarget "RingWidgetsExtension" */;
			buildPhases = (
				C9C869032F6EEE0400D0BBAE /* Sources */,
				C9C869042F6EEE0400D0BBAE /* Frameworks */,
				C9C869052F6EEE0400D0BBAE /* Resources */,
			);
			buildRules = (
			);
			dependencies = (
			);
			fileSystemSynchronizedGroups = (
				C9C8690D2F6EEE0400D0BBAE /* RingWidgets */,
			);
			name = RingWidgetsExtension;
			packageProductDependencies = (
			);
			productName = RingWidgetsExtension;
			productReference = C9C869072F6EEE0400D0BBAE /* RingWidgetsExtension.appex */;
			productType = "com.apple.product-type.app-extension";
		};
		C9RINGX4000000000F31001 /* PacketTunnelExtension */ = {
			isa = PBXNativeTarget;
			buildConfigurationList = C9RINGX5200000000F31001 /* Build configuration list for PBXNativeTarget "PacketTunnelExtension" */;
			buildPhases = (
				C9RINGX9900000000F31001 /* Select Rust Library */,
				C9RINGX3000000000F31001 /* Sources */,
				C9RINGX3100000000F31001 /* Frameworks */,
				C9RINGX3200000000F31001 /* Resources */,
			);
			buildRules = (
			);
			dependencies = (
			);
			name = PacketTunnelExtension;
			packageProductDependencies = (
			);
			productName = PacketTunnelExtension;
			productReference = C9RINGX0800000000F31001 /* PacketTunnelExtension.appex */;
			productType = "com.apple.product-type.app-extension";
		};
/* End PBXNativeTarget section */

/* Begin PBXProject section */
		C9AE9B0E2F6C5AE9007F3100 /* Project object */ = {
			isa = PBXProject;
			attributes = {
				BuildIndependentTargetsInParallel = 1;
				LastSwiftUpdateCheck = 2600;
				LastUpgradeCheck = 2600;
				TargetAttributes = {
					C9AE9B152F6C5AE9007F3100 = {
						CreatedOnToolsVersion = 26.0.1;
					};
					C9AE9B222F6C5AEA007F3100 = {
						CreatedOnToolsVersion = 26.0.1;
						TestTargetID = C9AE9B152F6C5AE9007F3100;
					};
					C9AE9B2C2F6C5AEA007F3100 = {
						CreatedOnToolsVersion = 26.0.1;
						TestTargetID = C9AE9B152F6C5AE9007F3100;
					};
					C9C869062F6EEE0400D0BBAE = {
						CreatedOnToolsVersion = 26.0.1;
					};
					C9RINGX4000000000F31001 = {
						CreatedOnToolsVersion = 26.0.1;
					};
				};
			};
			buildConfigurationList = C9AE9B112F6C5AE9007F3100 /* Build configuration list for PBXProject "ring" */;
			developmentRegion = en;
			hasScannedForEncodings = 0;
			knownRegions = (
				en,
				Base,
			);
			mainGroup = C9AE9B0D2F6C5AE9007F3100;
			minimizedProjectReferenceProxies = 1;
			preferredProjectObjectVersion = 77;
			productRefGroup = C9AE9B172F6C5AE9007F3100 /* Products */;
			projectDirPath = "";
			projectRoot = "";
			targets = (
				C9AE9B152F6C5AE9007F3100 /* ring */,
				C9AE9B222F6C5AEA007F3100 /* ringTests */,
				C9AE9B2C2F6C5AEA007F3100 /* ringUITests */,
				C9RINGX4000000000F31001 /* PacketTunnelExtension */,
				C9C869062F6EEE0400D0BBAE /* RingWidgetsExtension */,
			);
		};
/* End PBXProject section */

/* Begin PBXResourcesBuildPhase section */
		C9AE9B142F6C5AE9007F3100 /* Resources */ = {
			isa = PBXResourcesBuildPhase;
			buildActionMask = 2147483647;
			files = (
			);
			runOnlyForDeploymentPostprocessing = 0;
		};
		C9AE9B212F6C5AEA007F3100 /* Resources */ = {
			isa = PBXResourcesBuildPhase;
			buildActionMask = 2147483647;
			files = (
			);
			runOnlyForDeploymentPostprocessing = 0;
		};
		C9AE9B2B2F6C5AEA007F3100 /* Resources */ = {
			isa = PBXResourcesBuildPhase;
			buildActionMask = 2147483647;
			files = (
			);
			runOnlyForDeploymentPostprocessing = 0;
		};
		C9C869052F6EEE0400D0BBAE /* Resources */ = {
			isa = PBXResourcesBuildPhase;
			buildActionMask = 2147483647;
			files = (
			);
			runOnlyForDeploymentPostprocessing = 0;
		};
		C9RINGX3200000000F31001 /* Resources */ = {
			isa = PBXResourcesBuildPhase;
			buildActionMask = 2147483647;
			files = (
			);
			runOnlyForDeploymentPostprocessing = 0;
		};
/* End PBXResourcesBuildPhase section */

/* Begin PBXShellScriptBuildPhase section */
		C9RINGX9900000000F31001 /* Select Rust Library */ = {
			isa = PBXShellScriptBuildPhase;
			buildActionMask = 2147483647;
			files = (
			);
			inputPaths = (
				"$(SRCROOT)/Frameworks/ios-arm64/libpacket_engine.a",
				"$(SRCROOT)/Frameworks/ios-arm64-simulator/libpacket_engine.a",
			);
			name = "Select Rust Library";
			outputPaths = (
				"$(SRCROOT)/Frameworks/libpacket_engine.a",
			);
			runOnlyForDeploymentPostprocessing = 0;
			shellPath = /bin/bash;
			shellScript = "# Auto-select the correct Rust static library for the current platform.\nif [ \"$PLATFORM_NAME\" = \"iphonesimulator\" ]; then\n    SRC=\"$SRCROOT/Frameworks/ios-arm64-simulator/libpacket_engine.a\"\nelse\n    SRC=\"$SRCROOT/Frameworks/ios-arm64/libpacket_engine.a\"\nfi\n\nif [ -f \"$SRC\" ]; then\n    cp -f \"$SRC\" \"$SRCROOT/Frameworks/libpacket_engine.a\"\n    echo \"Copied $SRC -> Frameworks/libpacket_engine.a\"\nelse\n    echo \"error: Rust library not found at $SRC. Run ./scripts/build-universal.sh first.\"\n    exit 1\nfi\n";
		};
/* End PBXShellScriptBuildPhase section */

/* Begin PBXSourcesBuildPhase section */
		C9AE9B122F6C5AE9007F3100 /* Sources */ = {
			isa = PBXSourcesBuildPhase;
			buildActionMask = 2147483647;
			files = (
				C9RINGX1300000000F31001 /* AppGroupConfig.swift in Sources */,
			);
			runOnlyForDeploymentPostprocessing = 0;
		};
		C9AE9B1F2F6C5AEA007F3100 /* Sources */ = {
			isa = PBXSourcesBuildPhase;
			buildActionMask = 2147483647;
			files = (
			);
			runOnlyForDeploymentPostprocessing = 0;
		};
		C9AE9B292F6C5AEA007F3100 /* Sources */ = {
			isa = PBXSourcesBuildPhase;
			buildActionMask = 2147483647;
			files = (
			);
			runOnlyForDeploymentPostprocessing = 0;
		};
		C9C869032F6EEE0400D0BBAE /* Sources */ = {
			isa = PBXSourcesBuildPhase;
			buildActionMask = 2147483647;
			files = (
			);
			runOnlyForDeploymentPostprocessing = 0;
		};
		C9RINGX3000000000F31001 /* Sources */ = {
			isa = PBXSourcesBuildPhase;
			buildActionMask = 2147483647;
			files = (
				C9RINGX1000000000F31001 /* PacketTunnelProvider.swift in Sources */,
				C9RINGX1100000000F31001 /* RustBridge.swift in Sources */,
				C9RINGX1200000000F31001 /* AppGroupConfig.swift in Sources */,
			);
			runOnlyForDeploymentPostprocessing = 0;
		};
/* End PBXSourcesBuildPhase section */

/* Begin PBXTargetDependency section */
		C9AE9B252F6C5AEA007F3100 /* PBXTargetDependency */ = {
			isa = PBXTargetDependency;
			target = C9AE9B152F6C5AE9007F3100 /* ring */;
			targetProxy = C9AE9B242F6C5AEA007F3100 /* PBXContainerItemProxy */;
		};
		C9AE9B2F2F6C5AEA007F3100 /* PBXTargetDependency */ = {
			isa = PBXTargetDependency;
			target = C9AE9B152F6C5AE9007F3100 /* ring */;
			targetProxy = C9AE9B2E2F6C5AEA007F3100 /* PBXContainerItemProxy */;
		};
		C9C8691C2F6EEE0500D0BBAE /* PBXTargetDependency */ = {
			isa = PBXTargetDependency;
			target = C9C869062F6EEE0400D0BBAE /* RingWidgetsExtension */;
			targetProxy = C9C8691B2F6EEE0500D0BBAE /* PBXContainerItemProxy */;
		};
		C9RINGX6100000000F31001 /* PBXTargetDependency */ = {
			isa = PBXTargetDependency;
			target = C9RINGX4000000000F31001 /* PacketTunnelExtension */;
			targetProxy = C9RINGX6000000000F31001 /* PBXContainerItemProxy */;
		};
/* End PBXTargetDependency section */

/* Begin XCBuildConfiguration section */
		C9AE9B352F6C5AEA007F3100 /* Debug */ = {
			isa = XCBuildConfiguration;
			buildSettings = {
				ALWAYS_SEARCH_USER_PATHS = NO;
				ASSETCATALOG_COMPILER_GENERATE_SWIFT_ASSET_SYMBOL_EXTENSIONS = YES;
				CLANG_ANALYZER_NONNULL = YES;
				CLANG_ANALYZER_NUMBER_OBJECT_CONVERSION = YES_AGGRESSIVE;
				CLANG_CXX_LANGUAGE_STANDARD = "gnu++20";
				CLANG_ENABLE_MODULES = YES;
				CLANG_ENABLE_OBJC_ARC = YES;
				CLANG_ENABLE_OBJC_WEAK = YES;
				CLANG_WARN_BLOCK_CAPTURE_AUTORELEASING = YES;
				CLANG_WARN_BOOL_CONVERSION = YES;
				CLANG_WARN_COMMA = YES;
				CLANG_WARN_CONSTANT_CONVERSION = YES;
				CLANG_WARN_DEPRECATED_OBJC_IMPLEMENTATIONS = YES;
				CLANG_WARN_DIRECT_OBJC_ISA_USAGE = YES_ERROR;
				CLANG_WARN_DOCUMENTATION_COMMENTS = YES;
				CLANG_WARN_EMPTY_BODY = YES;
				CLANG_WARN_ENUM_CONVERSION = YES;
				CLANG_WARN_INFINITE_RECURSION = YES;
				CLANG_WARN_INT_CONVERSION = YES;
				CLANG_WARN_NON_LITERAL_NULL_CONVERSION = YES;
				CLANG_WARN_OBJC_IMPLICIT_RETAIN_SELF = YES;
				CLANG_WARN_OBJC_LITERAL_CONVERSION = YES;
				CLANG_WARN_OBJC_ROOT_CLASS = YES_ERROR;
				CLANG_WARN_QUOTED_INCLUDE_IN_FRAMEWORK_HEADER = YES;
				CLANG_WARN_RANGE_LOOP_ANALYSIS = YES;
				CLANG_WARN_STRICT_PROTOTYPES = YES;
				CLANG_WARN_SUSPICIOUS_MOVE = YES;
				CLANG_WARN_UNGUARDED_AVAILABILITY = YES_AGGRESSIVE;
				CLANG_WARN_UNREACHABLE_CODE = YES;
				CLANG_WARN__DUPLICATE_METHOD_MATCH = YES;
				COPY_PHASE_STRIP = NO;
				DEBUG_INFORMATION_FORMAT = dwarf;
				DEVELOPMENT_TEAM = 9JYD5XU49X;
				ENABLE_STRICT_OBJC_MSGSEND = YES;
				ENABLE_TESTABILITY = YES;
				ENABLE_USER_SCRIPT_SANDBOXING = YES;
				GCC_C_LANGUAGE_STANDARD = gnu17;
				GCC_DYNAMIC_NO_PIC = NO;
				GCC_NO_COMMON_BLOCKS = YES;
				GCC_OPTIMIZATION_LEVEL = 0;
				GCC_PREPROCESSOR_DEFINITIONS = (
					"DEBUG=1",
					"$(inherited)",
				);
				GCC_WARN_64_TO_32_BIT_CONVERSION = YES;
				GCC_WARN_ABOUT_RETURN_TYPE = YES_ERROR;
				GCC_WARN_UNDECLARED_SELECTOR = YES;
				GCC_WARN_UNINITIALIZED_AUTOS = YES_AGGRESSIVE;
				GCC_WARN_UNUSED_FUNCTION = YES;
				GCC_WARN_UNUSED_VARIABLE = YES;
				IPHONEOS_DEPLOYMENT_TARGET = 26.0;
				LOCALIZATION_PREFERS_STRING_CATALOGS = YES;
				MTL_ENABLE_DEBUG_INFO = INCLUDE_SOURCE;
				MTL_FAST_MATH = YES;
				ONLY_ACTIVE_ARCH = YES;
				SDKROOT = iphoneos;
				SWIFT_ACTIVE_COMPILATION_CONDITIONS = "DEBUG $(inherited)";
				SWIFT_OPTIMIZATION_LEVEL = "-Onone";
			};
			name = Debug;
		};
		C9AE9B362F6C5AEA007F3100 /* Release */ = {
			isa = XCBuildConfiguration;
			buildSettings = {
				ALWAYS_SEARCH_USER_PATHS = NO;
				ASSETCATALOG_COMPILER_GENERATE_SWIFT_ASSET_SYMBOL_EXTENSIONS = YES;
				CLANG_ANALYZER_NONNULL = YES;
				CLANG_ANALYZER_NUMBER_OBJECT_CONVERSION = YES_AGGRESSIVE;
				CLANG_CXX_LANGUAGE_STANDARD = "gnu++20";
				CLANG_ENABLE_MODULES = YES;
				CLANG_ENABLE_OBJC_ARC = YES;
				CLANG_ENABLE_OBJC_WEAK = YES;
				CLANG_WARN_BLOCK_CAPTURE_AUTORELEASING = YES;
				CLANG_WARN_BOOL_CONVERSION = YES;
				CLANG_WARN_COMMA = YES;
				CLANG_WARN_CONSTANT_CONVERSION = YES;
				CLANG_WARN_DEPRECATED_OBJC_IMPLEMENTATIONS = YES;
				CLANG_WARN_DIRECT_OBJC_ISA_USAGE = YES_ERROR;
				CLANG_WARN_DOCUMENTATION_COMMENTS = YES;
				CLANG_WARN_EMPTY_BODY = YES;
				CLANG_WARN_ENUM_CONVERSION = YES;
				CLANG_WARN_INFINITE_RECURSION = YES;
				CLANG_WARN_INT_CONVERSION = YES;
				CLANG_WARN_NON_LITERAL_NULL_CONVERSION = YES;
				CLANG_WARN_OBJC_IMPLICIT_RETAIN_SELF = YES;
				CLANG_WARN_OBJC_LITERAL_CONVERSION = YES;
				CLANG_WARN_OBJC_ROOT_CLASS = YES_ERROR;
				CLANG_WARN_QUOTED_INCLUDE_IN_FRAMEWORK_HEADER = YES;
				CLANG_WARN_RANGE_LOOP_ANALYSIS = YES;
				CLANG_WARN_STRICT_PROTOTYPES = YES;
				CLANG_WARN_SUSPICIOUS_MOVE = YES;
				CLANG_WARN_UNGUARDED_AVAILABILITY = YES_AGGRESSIVE;
				CLANG_WARN_UNREACHABLE_CODE = YES;
				CLANG_WARN__DUPLICATE_METHOD_MATCH = YES;
				COPY_PHASE_STRIP = NO;
				DEBUG_INFORMATION_FORMAT = "dwarf-with-dsym";
				DEVELOPMENT_TEAM = 9JYD5XU49X;
				ENABLE_NS_ASSERTIONS = NO;
				ENABLE_STRICT_OBJC_MSGSEND = YES;
				ENABLE_USER_SCRIPT_SANDBOXING = YES;
				GCC_C_LANGUAGE_STANDARD = gnu17;
				GCC_NO_COMMON_BLOCKS = YES;
				GCC_WARN_64_TO_32_BIT_CONVERSION = YES;
				GCC_WARN_ABOUT_RETURN_TYPE = YES_ERROR;
				GCC_WARN_UNDECLARED_SELECTOR = YES;
				GCC_WARN_UNINITIALIZED_AUTOS = YES_AGGRESSIVE;
				GCC_WARN_UNUSED_FUNCTION = YES;
				GCC_WARN_UNUSED_VARIABLE = YES;
				IPHONEOS_DEPLOYMENT_TARGET = 26.0;
				LOCALIZATION_PREFERS_STRING_CATALOGS = YES;
				MTL_ENABLE_DEBUG_INFO = NO;
				MTL_FAST_MATH = YES;
				SDKROOT = iphoneos;
				SWIFT_COMPILATION_MODE = wholemodule;
				VALIDATE_PRODUCT = YES;
			};
			name = Release;
		};
		C9AE9B382F6C5AEA007F3100 /* Debug */ = {
			isa = XCBuildConfiguration;
			buildSettings = {
				ASSETCATALOG_COMPILER_APPICON_NAME = AppIcon;
				ASSETCATALOG_COMPILER_GLOBAL_ACCENT_COLOR_NAME = AccentColor;
				CODE_SIGN_ENTITLEMENTS = ring/ring.entitlements;
				CODE_SIGN_IDENTITY = "Apple Development";
				CODE_SIGN_STYLE = Automatic;
				CURRENT_PROJECT_VERSION = 1;
				DEVELOPMENT_TEAM = 9JYD5XU49X;
				ENABLE_PREVIEWS = YES;
				GENERATE_INFOPLIST_FILE = YES;
				INFOPLIST_KEY_NSSupportsLiveActivities = YES;
				INFOPLIST_KEY_NSVPNUsageDescription = "Sentinel uses a local VPN tunnel to block phishing, malware, and tracking domains at the DNS level. All threat detection runs on-device — your browsing data never leaves your phone. No traffic is routed to external servers.";
				INFOPLIST_KEY_UIApplicationSceneManifest_Generation = YES;
				INFOPLIST_KEY_UIApplicationSupportsIndirectInputEvents = YES;
				INFOPLIST_KEY_UILaunchScreen_Generation = YES;
				INFOPLIST_KEY_UISupportedInterfaceOrientations_iPad = "UIInterfaceOrientationPortrait UIInterfaceOrientationPortraitUpsideDown UIInterfaceOrientationLandscapeLeft UIInterfaceOrientationLandscapeRight";
				INFOPLIST_KEY_UISupportedInterfaceOrientations_iPhone = "UIInterfaceOrientationPortrait UIInterfaceOrientationLandscapeLeft UIInterfaceOrientationLandscapeRight";
				LD_RUNPATH_SEARCH_PATHS = (
					"$(inherited)",
					"@executable_path/Frameworks",
				);
				MARKETING_VERSION = 1.0;
				PRODUCT_BUNDLE_IDENTIFIER = jimmy.sentinel;
				PRODUCT_NAME = "$(TARGET_NAME)";
				PROVISIONING_PROFILE_SPECIFIER = "";
				STRING_CATALOG_GENERATE_SYMBOLS = YES;
				SWIFT_APPROACHABLE_CONCURRENCY = YES;
				SWIFT_DEFAULT_ACTOR_ISOLATION = MainActor;
				SWIFT_EMIT_LOC_STRINGS = YES;
				SWIFT_UPCOMING_FEATURE_MEMBER_IMPORT_VISIBILITY = YES;
				SWIFT_VERSION = 5.0;
				TARGETED_DEVICE_FAMILY = "1,2";
			};
			name = Debug;
		};
		C9AE9B392F6C5AEA007F3100 /* Release */ = {
			isa = XCBuildConfiguration;
			buildSettings = {
				ASSETCATALOG_COMPILER_APPICON_NAME = AppIcon;
				ASSETCATALOG_COMPILER_GLOBAL_ACCENT_COLOR_NAME = AccentColor;
				CODE_SIGN_ENTITLEMENTS = ring/ring.entitlements;
				CODE_SIGN_IDENTITY = "Apple Development";
				CODE_SIGN_STYLE = Automatic;
				CURRENT_PROJECT_VERSION = 1;
				DEVELOPMENT_TEAM = 9JYD5XU49X;
				ENABLE_PREVIEWS = YES;
				GENERATE_INFOPLIST_FILE = YES;
				INFOPLIST_KEY_NSSupportsLiveActivities = YES;
				INFOPLIST_KEY_NSVPNUsageDescription = "Sentinel uses a local VPN tunnel to block phishing, malware, and tracking domains at the DNS level. All threat detection runs on-device — your browsing data never leaves your phone. No traffic is routed to external servers.";
				INFOPLIST_KEY_UIApplicationSceneManifest_Generation = YES;
				INFOPLIST_KEY_UIApplicationSupportsIndirectInputEvents = YES;
				INFOPLIST_KEY_UILaunchScreen_Generation = YES;
				INFOPLIST_KEY_UISupportedInterfaceOrientations_iPad = "UIInterfaceOrientationPortrait UIInterfaceOrientationPortraitUpsideDown UIInterfaceOrientationLandscapeLeft UIInterfaceOrientationLandscapeRight";
				INFOPLIST_KEY_UISupportedInterfaceOrientations_iPhone = "UIInterfaceOrientationPortrait UIInterfaceOrientationLandscapeLeft UIInterfaceOrientationLandscapeRight";
				LD_RUNPATH_SEARCH_PATHS = (
					"$(inherited)",
					"@executable_path/Frameworks",
				);
				MARKETING_VERSION = 1.0;
				PRODUCT_BUNDLE_IDENTIFIER = jimmy.sentinel;
				PRODUCT_NAME = "$(TARGET_NAME)";
				PROVISIONING_PROFILE_SPECIFIER = "";
				STRING_CATALOG_GENERATE_SYMBOLS = YES;
				SWIFT_APPROACHABLE_CONCURRENCY = YES;
				SWIFT_DEFAULT_ACTOR_ISOLATION = MainActor;
				SWIFT_EMIT_LOC_STRINGS = YES;
				SWIFT_UPCOMING_FEATURE_MEMBER_IMPORT_VISIBILITY = YES;
				SWIFT_VERSION = 5.0;
				TARGETED_DEVICE_FAMILY = "1,2";
			};
			name = Release;
		};
		C9AE9B3B2F6C5AEA007F3100 /* Debug */ = {
			isa = XCBuildConfiguration;
			buildSettings = {
				BUNDLE_LOADER = "$(TEST_HOST)";
				CODE_SIGN_STYLE = Automatic;
				CURRENT_PROJECT_VERSION = 1;
				DEVELOPMENT_TEAM = 9JYD5XU49X;
				GENERATE_INFOPLIST_FILE = YES;
				IPHONEOS_DEPLOYMENT_TARGET = 26.0;
				MARKETING_VERSION = 1.0;
				PRODUCT_BUNDLE_IDENTIFIER = jimmy.sentinelTests;
				PRODUCT_NAME = "$(TARGET_NAME)";
				STRING_CATALOG_GENERATE_SYMBOLS = NO;
				SWIFT_APPROACHABLE_CONCURRENCY = YES;
				SWIFT_EMIT_LOC_STRINGS = NO;
				SWIFT_UPCOMING_FEATURE_MEMBER_IMPORT_VISIBILITY = YES;
				SWIFT_VERSION = 5.0;
				TARGETED_DEVICE_FAMILY = "1,2";
				TEST_HOST = "$(BUILT_PRODUCTS_DIR)/ring.app/$(BUNDLE_EXECUTABLE_FOLDER_PATH)/ring";
			};
			name = Debug;
		};
		C9AE9B3C2F6C5AEA007F3100 /* Release */ = {
			isa = XCBuildConfiguration;
			buildSettings = {
				BUNDLE_LOADER = "$(TEST_HOST)";
				CODE_SIGN_STYLE = Automatic;
				CURRENT_PROJECT_VERSION = 1;
				DEVELOPMENT_TEAM = 9JYD5XU49X;
				GENERATE_INFOPLIST_FILE = YES;
				IPHONEOS_DEPLOYMENT_TARGET = 26.0;
				MARKETING_VERSION = 1.0;
				PRODUCT_BUNDLE_IDENTIFIER = jimmy.sentinelTests;
				PRODUCT_NAME = "$(TARGET_NAME)";
				STRING_CATALOG_GENERATE_SYMBOLS = NO;
				SWIFT_APPROACHABLE_CONCURRENCY = YES;
				SWIFT_EMIT_LOC_STRINGS = NO;
				SWIFT_UPCOMING_FEATURE_MEMBER_IMPORT_VISIBILITY = YES;
				SWIFT_VERSION = 5.0;
				TARGETED_DEVICE_FAMILY = "1,2";
				TEST_HOST = "$(BUILT_PRODUCTS_DIR)/ring.app/$(BUNDLE_EXECUTABLE_FOLDER_PATH)/ring";
			};
			name = Release;
		};
		C9AE9B3E2F6C5AEA007F3100 /* Debug */ = {
			isa = XCBuildConfiguration;
			buildSettings = {
				CODE_SIGN_STYLE = Automatic;
				CURRENT_PROJECT_VERSION = 1;
				DEVELOPMENT_TEAM = 9JYD5XU49X;
				GENERATE_INFOPLIST_FILE = YES;
				MARKETING_VERSION = 1.0;
				PRODUCT_BUNDLE_IDENTIFIER = jimmy.sentinelUITests;
				PRODUCT_NAME = "$(TARGET_NAME)";
				STRING_CATALOG_GENERATE_SYMBOLS = NO;
				SWIFT_APPROACHABLE_CONCURRENCY = YES;
				SWIFT_EMIT_LOC_STRINGS = NO;
				SWIFT_UPCOMING_FEATURE_MEMBER_IMPORT_VISIBILITY = YES;
				SWIFT_VERSION = 5.0;
				TARGETED_DEVICE_FAMILY = "1,2";
				TEST_TARGET_NAME = ring;
			};
			name = Debug;
		};
		C9AE9B3F2F6C5AEA007F3100 /* Release */ = {
			isa = XCBuildConfiguration;
			buildSettings = {
				CODE_SIGN_STYLE = Automatic;
				CURRENT_PROJECT_VERSION = 1;
				DEVELOPMENT_TEAM = 9JYD5XU49X;
				GENERATE_INFOPLIST_FILE = YES;
				MARKETING_VERSION = 1.0;
				PRODUCT_BUNDLE_IDENTIFIER = jimmy.sentinelUITests;
				PRODUCT_NAME = "$(TARGET_NAME)";
				STRING_CATALOG_GENERATE_SYMBOLS = NO;
				SWIFT_APPROACHABLE_CONCURRENCY = YES;
				SWIFT_EMIT_LOC_STRINGS = NO;
				SWIFT_UPCOMING_FEATURE_MEMBER_IMPORT_VISIBILITY = YES;
				SWIFT_VERSION = 5.0;
				TARGETED_DEVICE_FAMILY = "1,2";
				TEST_TARGET_NAME = ring;
			};
			name = Release;
		};
		C9C8691E2F6EEE0500D0BBAE /* Debug */ = {
			isa = XCBuildConfiguration;
			buildSettings = {
				ASSETCATALOG_COMPILER_GLOBAL_ACCENT_COLOR_NAME = AccentColor;
				ASSETCATALOG_COMPILER_WIDGET_BACKGROUND_COLOR_NAME = WidgetBackground;
				CODE_SIGN_IDENTITY = "Apple Development";
				CODE_SIGN_STYLE = Automatic;
				CURRENT_PROJECT_VERSION = 1;
				DEVELOPMENT_TEAM = 9JYD5XU49X;
				GENERATE_INFOPLIST_FILE = YES;
				INFOPLIST_FILE = RingWidgets/Info.plist;
				INFOPLIST_KEY_CFBundleDisplayName = SentinelWidgets;
				INFOPLIST_KEY_NSHumanReadableCopyright = "";
				LD_RUNPATH_SEARCH_PATHS = (
					"$(inherited)",
					"@executable_path/Frameworks",
					"@executable_path/../../Frameworks",
				);
				MARKETING_VERSION = 1.0;
				PRODUCT_BUNDLE_IDENTIFIER = jimmy.sentinel.SentinelWidgets;
				PRODUCT_NAME = "$(TARGET_NAME)";
				SKIP_INSTALL = YES;
				STRING_CATALOG_GENERATE_SYMBOLS = YES;
				SWIFT_APPROACHABLE_CONCURRENCY = YES;
				SWIFT_EMIT_LOC_STRINGS = YES;
				SWIFT_UPCOMING_FEATURE_MEMBER_IMPORT_VISIBILITY = YES;
				SWIFT_VERSION = 5.0;
				TARGETED_DEVICE_FAMILY = "1,2";
			};
			name = Debug;
		};
		C9C8691F2F6EEE0500D0BBAE /* Release */ = {
			isa = XCBuildConfiguration;
			buildSettings = {
				ASSETCATALOG_COMPILER_GLOBAL_ACCENT_COLOR_NAME = AccentColor;
				ASSETCATALOG_COMPILER_WIDGET_BACKGROUND_COLOR_NAME = WidgetBackground;
				CODE_SIGN_IDENTITY = "Apple Development";
				CODE_SIGN_STYLE = Automatic;
				CURRENT_PROJECT_VERSION = 1;
				DEVELOPMENT_TEAM = 9JYD5XU49X;
				GENERATE_INFOPLIST_FILE = YES;
				INFOPLIST_FILE = RingWidgets/Info.plist;
				INFOPLIST_KEY_CFBundleDisplayName = SentinelWidgets;
				INFOPLIST_KEY_NSHumanReadableCopyright = "";
				LD_RUNPATH_SEARCH_PATHS = (
					"$(inherited)",
					"@executable_path/Frameworks",
					"@executable_path/../../Frameworks",
				);
				MARKETING_VERSION = 1.0;
				PRODUCT_BUNDLE_IDENTIFIER = jimmy.sentinel.SentinelWidgets;
				PRODUCT_NAME = "$(TARGET_NAME)";
				SKIP_INSTALL = YES;
				STRING_CATALOG_GENERATE_SYMBOLS = YES;
				SWIFT_APPROACHABLE_CONCURRENCY = YES;
				SWIFT_EMIT_LOC_STRINGS = YES;
				SWIFT_UPCOMING_FEATURE_MEMBER_IMPORT_VISIBILITY = YES;
				SWIFT_VERSION = 5.0;
				TARGETED_DEVICE_FAMILY = "1,2";
			};
			name = Release;
		};
		C9RINGX5000000000F31001 /* Debug */ = {
			isa = XCBuildConfiguration;
			buildSettings = {
				CODE_SIGN_ENTITLEMENTS = PacketTunnelExtension/PacketTunnelExtension.entitlements;
				CODE_SIGN_STYLE = Automatic;
				CURRENT_PROJECT_VERSION = 1;
				DEVELOPMENT_TEAM = 9JYD5XU49X;
				ENABLE_USER_SCRIPT_SANDBOXING = NO;
				GENERATE_INFOPLIST_FILE = NO;
				HEADER_SEARCH_PATHS = "$(SRCROOT)/PacketTunnelExtension/Bridge";
				INFOPLIST_FILE = PacketTunnelExtension/Info.plist;
				IPHONEOS_DEPLOYMENT_TARGET = 26.0;
				LD_RUNPATH_SEARCH_PATHS = (
					"$(inherited)",
					"@executable_path/Frameworks",
					"@executable_path/../../Frameworks",
				);
				LIBRARY_SEARCH_PATHS = "$(SRCROOT)/Frameworks";
				MARKETING_VERSION = 1.0;
				OTHER_LDFLAGS = (
					"-lpacket_engine",
					"-lsqlite3",
					"-lz",
					"-lresolv",
				);
				PRODUCT_BUNDLE_IDENTIFIER = jimmy.sentinel.tunnel;
				PRODUCT_NAME = "$(TARGET_NAME)";
				SKIP_INSTALL = YES;
				SWIFT_APPROACHABLE_CONCURRENCY = YES;
				SWIFT_EMIT_LOC_STRINGS = YES;
				SWIFT_OBJC_BRIDGING_HEADER = "PacketTunnelExtension/PacketTunnelExtension-Bridging-Header.h";
				SWIFT_VERSION = 5.0;
				TARGETED_DEVICE_FAMILY = "1,2";
			};
			name = Debug;
		};
		C9RINGX5100000000F31001 /* Release */ = {
			isa = XCBuildConfiguration;
			buildSettings = {
				CODE_SIGN_ENTITLEMENTS = PacketTunnelExtension/PacketTunnelExtension.entitlements;
				CODE_SIGN_STYLE = Automatic;
				CURRENT_PROJECT_VERSION = 1;
				DEVELOPMENT_TEAM = 9JYD5XU49X;
				ENABLE_USER_SCRIPT_SANDBOXING = NO;
				GENERATE_INFOPLIST_FILE = NO;
				HEADER_SEARCH_PATHS = "$(SRCROOT)/PacketTunnelExtension/Bridge";
				INFOPLIST_FILE = PacketTunnelExtension/Info.plist;
				IPHONEOS_DEPLOYMENT_TARGET = 26.0;
				LD_RUNPATH_SEARCH_PATHS = (
					"$(inherited)",
					"@executable_path/Frameworks",
					"@executable_path/../../Frameworks",
				);
				LIBRARY_SEARCH_PATHS = "$(SRCROOT)/Frameworks";
				MARKETING_VERSION = 1.0;
				OTHER_LDFLAGS = (
					"-lpacket_engine",
					"-lsqlite3",
					"-lz",
					"-lresolv",
				);
				PRODUCT_BUNDLE_IDENTIFIER = jimmy.sentinel.tunnel;
				PRODUCT_NAME = "$(TARGET_NAME)";
				SKIP_INSTALL = YES;
				SWIFT_APPROACHABLE_CONCURRENCY = YES;
				SWIFT_EMIT_LOC_STRINGS = YES;
				SWIFT_OBJC_BRIDGING_HEADER = "PacketTunnelExtension/PacketTunnelExtension-Bridging-Header.h";
				SWIFT_VERSION = 5.0;
				TARGETED_DEVICE_FAMILY = "1,2";
			};
			name = Release;
		};
/* End XCBuildConfiguration section */

/* Begin XCConfigurationList section */
		C9AE9B112F6C5AE9007F3100 /* Build configuration list for PBXProject "ring" */ = {
			isa = XCConfigurationList;
			buildConfigurations = (
				C9AE9B352F6C5AEA007F3100 /* Debug */,
				C9AE9B362F6C5AEA007F3100 /* Release */,
			);
			defaultConfigurationIsVisible = 0;
			defaultConfigurationName = Release;
		};
		C9AE9B372F6C5AEA007F3100 /* Build configuration list for PBXNativeTarget "ring" */ = {
			isa = XCConfigurationList;
			buildConfigurations = (
				C9AE9B382F6C5AEA007F3100 /* Debug */,
				C9AE9B392F6C5AEA007F3100 /* Release */,
			);
			defaultConfigurationIsVisible = 0;
			defaultConfigurationName = Release;
		};
		C9AE9B3A2F6C5AEA007F3100 /* Build configuration list for PBXNativeTarget "ringTests" */ = {
			isa = XCConfigurationList;
			buildConfigurations = (
				C9AE9B3B2F6C5AEA007F3100 /* Debug */,
				C9AE9B3C2F6C5AEA007F3100 /* Release */,
			);
			defaultConfigurationIsVisible = 0;
			defaultConfigurationName = Release;
		};
		C9AE9B3D2F6C5AEA007F3100 /* Build configuration list for PBXNativeTarget "ringUITests" */ = {
			isa = XCConfigurationList;
			buildConfigurations = (
				C9AE9B3E2F6C5AEA007F3100 /* Debug */,
				C9AE9B3F2F6C5AEA007F3100 /* Release */,
			);
			defaultConfigurationIsVisible = 0;
			defaultConfigurationName = Release;
		};
		C9C869212F6EEE0500D0BBAE /* Build configuration list for PBXNativeTarget "RingWidgetsExtension" */ = {
			isa = XCConfigurationList;
			buildConfigurations = (
				C9C8691E2F6EEE0500D0BBAE /* Debug */,
				C9C8691F2F6EEE0500D0BBAE /* Release */,
			);
			defaultConfigurationIsVisible = 0;
			defaultConfigurationName = Release;
		};
		C9RINGX5200000000F31001 /* Build configuration list for PBXNativeTarget "PacketTunnelExtension" */ = {
			isa = XCConfigurationList;
			buildConfigurations = (
				C9RINGX5000000000F31001 /* Debug */,
				C9RINGX5100000000F31001 /* Release */,
			);
			defaultConfigurationIsVisible = 0;
			defaultConfigurationName = Release;
		};
/* End XCConfigurationList section */
	};
	rootObject = C9AE9B0E2F6C5AE9007F3100 /* Project object */;
}
